
Microsoft Visual Studio Solution File, Format Version 12.00
# Visual Studio Version 17
VisualStudioVersion = 17.0.31710.8
MinimumVisualStudioVersion = 10.0.40219.1
Project("{9A19103F-16F7-4668-BE54-9A1E7A4F7556}") = "BravoOne", "BravoOne\BravoOne.csproj", "{606FF3D7-8328-4F68-9112-3086CC47CFD2}"
EndProject
Project("{FAE04EC0-301F-11D3-BF4B-00C04F79EFBC}") = "BravoOne.lib", "BravoOne.lib\BravoOne.lib.csproj", "{98878A88-5719-4FED-AFBA-B4A269DDFB75}"
EndProject
Global
	GlobalSection(SolutionConfigurationPlatforms) = preSolution
		Debug|Any CPU = Debug|Any CPU
		Release|Any CPU = Release|Any CPU
	EndGlobalSection
	GlobalSection(ProjectConfigurationPlatforms) = postSolution
		{606FF3D7-8328-4F68-9112-3086CC47CFD2}.Debug|Any CPU.ActiveCfg = Debug|Any CPU
		{606FF3D7-8328-4F68-9112-3086CC47CFD2}.Debug|Any CPU.Build.0 = Debug|Any CPU
		{606FF3D7-8328-4F68-9112-3086CC47CFD2}.Debug|Any CPU.Deploy.0 = Debug|Any CPU
		{606FF3D7-8328-4F68-9112-3086CC47CFD2}.Release|Any CPU.ActiveCfg = Release|Any CPU
		{606FF3D7-8328-4F68-9112-3086CC47CFD2}.Release|Any CPU.Build.0 = Release|Any CPU
		{606FF3D7-8328-4F68-9112-3086CC47CFD2}.Release|Any CPU.Deploy.0 = Release|Any CPU
		{98878A88-5719-4FED-AFBA-B4A269DDFB75}.Debug|Any CPU.ActiveCfg = Debug|Any CPU
		{98878A88-5719-4FED-AFBA-B4A269DDFB75}.Debug|Any CPU.Build.0 = Debug|Any CPU
		{98878A88-5719-4FED-AFBA-B4A269DDFB75}.Release|Any CPU.ActiveCfg = Release|Any CPU
		{98878A88-5719-4FED-AFBA-B4A269DDFB75}.Release|Any CPU.Build.0 = Release|Any CPU
	EndGlobalSection
	GlobalSection(SolutionProperties) = preSolution
		HideSolutionNode = FALSE
	EndGlobalSection
	GlobalSection(ExtensibilityGlobals) = postSolution
		SolutionGuid = {25E751C5-E688-48F1-A8FE-E1E5BA3B7515}
	EndGlobalSection
EndGlobal
