
Microsoft Visual Studio Solution File, Format Version 12.00
# Visual Studio Version 17
VisualStudioVersion = 17.0.31612.314
MinimumVisualStudioVersion = 10.0.40219.1
Project("{9A19103F-16F7-4668-BE54-9A1E7A4F7556}") = "BravoOne", "BravoOne\BravoOne.csproj", "{6EE960D8-68F4-41A2-8CD7-21443C94464E}"
EndProject
Project("{9A19103F-16F7-4668-BE54-9A1E7A4F7556}") = "BravoOne.WinUI", "BravoOne.WinUI\BravoOne.WinUI.csproj", "{B5715C87-1A1C-4BF7-9F78-0A3982AAD24C}"
EndProject
Global
	GlobalSection(SolutionConfigurationPlatforms) = preSolution
		Debug|Any CPU = Debug|Any CPU
		Release|Any CPU = Release|Any CPU
	EndGlobalSection
	GlobalSection(ProjectConfigurationPlatforms) = postSolution
		{6EE960D8-68F4-41A2-8CD7-21443C94464E}.Debug|Any CPU.ActiveCfg = Debug|Any CPU
		{6EE960D8-68F4-41A2-8CD7-21443C94464E}.Debug|Any CPU.Build.0 = Debug|Any CPU
		{6EE960D8-68F4-41A2-8CD7-21443C94464E}.Debug|Any CPU.Deploy.0 = Debug|Any CPU
		{6EE960D8-68F4-41A2-8CD7-21443C94464E}.Release|Any CPU.ActiveCfg = Release|Any CPU
		{6EE960D8-68F4-41A2-8CD7-21443C94464E}.Release|Any CPU.Build.0 = Release|Any CPU
		{6EE960D8-68F4-41A2-8CD7-21443C94464E}.Release|Any CPU.Deploy.0 = Release|Any CPU
		{B5715C87-1A1C-4BF7-9F78-0A3982AAD24C}.Debug|Any CPU.ActiveCfg = Debug|Any CPU
		{B5715C87-1A1C-4BF7-9F78-0A3982AAD24C}.Debug|Any CPU.Build.0 = Debug|Any CPU
		{B5715C87-1A1C-4BF7-9F78-0A3982AAD24C}.Debug|Any CPU.Deploy.0 = Debug|Any CPU
		{B5715C87-1A1C-4BF7-9F78-0A3982AAD24C}.Release|Any CPU.ActiveCfg = Release|Any CPU
		{B5715C87-1A1C-4BF7-9F78-0A3982AAD24C}.Release|Any CPU.Build.0 = Release|Any CPU
		{B5715C87-1A1C-4BF7-9F78-0A3982AAD24C}.Release|Any CPU.Deploy.0 = Release|Any CPU
	EndGlobalSection
	GlobalSection(SolutionProperties) = preSolution
		HideSolutionNode = FALSE
	EndGlobalSection
	GlobalSection(ExtensibilityGlobals) = postSolution
		SolutionGuid = {61F7FB11-1E47-470C-91E2-47F8143E1572}
	EndGlobalSection
EndGlobal
